
Microsoft Visual Studio Solution File, Format Version 12.00
# Visual Studio Version 17
VisualStudioVersion = 17.4.33403.182
MinimumVisualStudioVersion = 10.0.40219.1
Project("{FAE04EC0-301F-11D3-BF4B-00C04F79EFBC}") = "FindWiFiPassword", "FindWiFiPassword\FindWiFiPassword.csproj", "{CCC4D1D9-98AF-416A-AD91-BB34A1AB10A3}"
EndProject
Global
	GlobalSection(SolutionConfigurationPlatforms) = preSolution
		Debug|Any CPU = Debug|Any CPU
		Release|Any CPU = Release|Any CPU
	EndGlobalSection
	GlobalSection(ProjectConfigurationPlatforms) = postSolution
		{CCC4D1D9-98AF-416A-AD91-BB34A1AB10A3}.Debug|Any CPU.ActiveCfg = Debug|Any CPU
		{CCC4D1D9-98AF-416A-AD91-BB34A1AB10A3}.Debug|Any CPU.Build.0 = Debug|Any CPU
		{CCC4D1D9-98AF-416A-AD91-BB34A1AB10A3}.Release|Any CPU.ActiveCfg = Release|Any CPU
		{CCC4D1D9-98AF-416A-AD91-BB34A1AB10A3}.Release|Any CPU.Build.0 = Release|Any CPU
	EndGlobalSection
	GlobalSection(SolutionProperties) = preSolution
		HideSolutionNode = FALSE
	EndGlobalSection
	GlobalSection(ExtensibilityGlobals) = postSolution
		SolutionGuid = {171CFC7D-9BC4-4271-911B-8CF3AA3A9381}
	EndGlobalSection
EndGlobal
